// !$*UTF8*$!
{
	archiveVersion = 1;
	classes = {
	};
	objectVersion = 77;
	objects = {

/* Begin PBXContainerItemProxy section */
		E2948D142FB88B1000770192 /* PBXContainerItemProxy */ = {
			isa = PBXContainerItemProxy;
			containerPortal = E2948CF72FB88B0F00770192 /* Project object */;
			proxyType = 1;
			remoteGlobalIDString = E2948CFE2FB88B0F00770192;
			remoteInfo = HiddenBar;
		};
		E2948D1E2FB88B1000770192 /* PBXContainerItemProxy */ = {
			isa = PBXContainerItemProxy;
			containerPortal = E2948CF72FB88B0F00770192 /* Project object */;
			proxyType = 1;
			remoteGlobalIDString = E2948CFE2FB88B0F00770192;
			remoteInfo = HiddenBar;
		};
/* End PBXContainerItemProxy section */

/* Begin PBXFileReference section */
		E2948CFF2FB88B0F00770192 /* HiddenBar.app */ = {isa = PBXFileReference; explicitFileType = wrapper.application; includeInIndex = 0; path = HiddenBar.app; sourceTree = BUILT_PRODUCTS_DIR; };
		E2948D132FB88B1000770192 /* HiddenBarTests.xctest */ = {isa = PBXFileReference; explicitFileType = wrapper.cfbundle; includeInIndex = 0; path = HiddenBarTests.xctest; sourceTree = BUILT_PRODUCTS_DIR; };
		E2948D1D2FB88B1000770192 /* HiddenBarUITests.xctest */ = {isa = PBXFileReference; explicitFileType = wrapper.cfbundle; includeInIndex = 0; path = HiddenBarUITests.xctest; sourceTree = BUILT_PRODUCTS_DIR; };
/* End PBXFileReference section */

/* Begin PBXFileSystemSynchronizedRootGroup section */
		E2948D012FB88B0F00770192 /* HiddenBar */ = {
			isa = PBXFileSystemSynchronizedRootGroup;
			path = HiddenBar;
			sourceTree = "<group>";
		};
		E2948D162FB88B1000770192 /* HiddenBarTests */ = {
			isa = PBXFileSystemSynchronizedRootGroup;
			path = HiddenBarTests;
			sourceTree = "<group>";
		};
		E2948D202FB88B1000770192 /* HiddenBarUITests */ = {
			isa = PBXFileSystemSynchronizedRootGroup;
			path = HiddenBarUITests;
			sourceTree = "<group>";
		};
/* End PBXFileSystemSynchronizedRootGroup section */

/* Begin PBXFrameworksBuildPhase section */
		E2948CFC2FB88B0F00770192 /* Frameworks */ = {
			isa = PBXFrameworksBuildPhase;
			buildActionMask = 2147483647;
			files = (
			);
			runOnlyForDeploymentPostprocessing = 0;
		};
		E2948D102FB88B1000770192 /* Frameworks */ = {
			isa = PBXFrameworksBuildPhase;
			buildActionMask = 2147483647;
			files = (
			);
			runOnlyForDeploymentPostprocessing = 0;
		};
		E2948D1A2FB88B1000770192 /* Frameworks */ = {
			isa = PBXFrameworksBuildPhase;
			buildActionMask = 2147483647;
			files = (
			);
			runOnlyForDeploymentPostprocessing = 0;
		};
/* End PBXFrameworksBuildPhase section */

/* Begin PBXGroup section */
		E2948CF62FB88B0F00770192 = {
			isa = PBXGroup;
			children = (
				E2948D012FB88B0F00770192 /* HiddenBar */,
				E2948D162FB88B1000770192 /* HiddenBarTests */,
				E2948D202FB88B1000770192 /* HiddenBarUITests */,
				E2948D002FB88B0F00770192 /* Products */,
			);
			sourceTree = "<group>";
		};
		E2948D002FB88B0F00770192 /* Products */ = {
			isa = PBXGroup;
			children = (
				E2948CFF2FB88B0F00770192 /* HiddenBar.app */,
				E2948D132FB88B1000770192 /* HiddenBarTests.xctest */,
				E2948D1D2FB88B1000770192 /* HiddenBarUITests.xctest */,
			);
			name = Products;
			sourceTree = "<group>";
		};
/* End PBXGroup section */

/* Begin PBXNativeTarget section */
		E2948CFE2FB88B0F00770192 /* HiddenBar */ = {
			isa = PBXNativeTarget;
			buildConfigurationList = E2948D272FB88B1000770192 /* Build configuration list for PBXNativeTarget "HiddenBar" */;
			buildPhases = (
				E2948CFB2FB88B0F00770192 /* Sources */,
				E2948CFC2FB88B0F00770192 /* Frameworks */,
				E2948CFD2FB88B0F00770192 /* Resources */,
			);
			buildRules = (
			);
			dependencies = (
			);
			fileSystemSynchronizedGroups = (
				E2948D012FB88B0F00770192 /* HiddenBar */,
			);
			name = HiddenBar;
			packageProductDependencies = (
			);
			productName = HiddenBar;
			productReference = E2948CFF2FB88B0F00770192 /* HiddenBar.app */;
			productType = "com.apple.product-type.application";
		};
		E2948D122FB88B1000770192 /* HiddenBarTests */ = {
			isa = PBXNativeTarget;
			buildConfigurationList = E2948D2A2FB88B1000770192 /* Build configuration list for PBXNativeTarget "HiddenBarTests" */;
			buildPhases = (
				E2948D0F2FB88B1000770192 /* Sources */,
				E2948D102FB88B1000770192 /* Frameworks */,
				E2948D112FB88B1000770192 /* Resources */,
			);
			buildRules = (
			);
			dependencies = (
				E2948D152FB88B1000770192 /* PBXTargetDependency */,
			);
			fileSystemSynchronizedGroups = (
				E2948D162FB88B1000770192 /* HiddenBarTests */,
			);
			name = HiddenBarTests;
			packageProductDependencies = (
			);
			productName = HiddenBarTests;
			productReference = E2948D132FB88B1000770192 /* HiddenBarTests.xctest */;
			productType = "com.apple.product-type.bundle.unit-test";
		};
		E2948D1C2FB88B1000770192 /* HiddenBarUITests */ = {
			isa = PBXNativeTarget;
			buildConfigurationList = E2948D2D2FB88B1000770192 /* Build configuration list for PBXNativeTarget "HiddenBarUITests" */;
			buildPhases = (
				E2948D192FB88B1000770192 /* Sources */,
				E2948D1A2FB88B1000770192 /* Frameworks */,
				E2948D1B2FB88B1000770192 /* Resources */,
			);
			buildRules = (
			);
			dependencies = (
				E2948D1F2FB88B1000770192 /* PBXTargetDependency */,
			);
			fileSystemSynchronizedGroups = (
				E2948D202FB88B1000770192 /* HiddenBarUITests */,
			);
			name = HiddenBarUITests;
			packageProductDependencies = (
			);
			productName = HiddenBarUITests;
			productReference = E2948D1D2FB88B1000770192 /* HiddenBarUITests.xctest */;
			productType = "com.apple.product-type.bundle.ui-testing";
		};
/* End PBXNativeTarget section */

/* Begin PBXProject section */
		E2948CF72FB88B0F00770192 /* Project object */ = {
			isa = PBXProject;
			attributes = {
				BuildIndependentTargetsInParallel = 1;
				LastUpgradeCheck = 2650;
				TargetAttributes = {
					E2948CFE2FB88B0F00770192 = {
						CreatedOnToolsVersion = 26.5;
					};
					E2948D122FB88B1000770192 = {
						CreatedOnToolsVersion = 26.5;
						TestTargetID = E2948CFE2FB88B0F00770192;
					};
					E2948D1C2FB88B1000770192 = {
						CreatedOnToolsVersion = 26.5;
						TestTargetID = E2948CFE2FB88B0F00770192;
					};
				};
			};
			buildConfigurationList = E2948CFA2FB88B0F00770192 /* Build configuration list for PBXProject "HiddenBar" */;
			developmentRegion = en;
			hasScannedForEncodings = 0;
			knownRegions = (
				en,
				Base,
			);
			mainGroup = E2948CF62FB88B0F00770192;
			minimizedProjectReferenceProxies = 1;
			preferredProjectObjectVersion = 77;
			productRefGroup = E2948D002FB88B0F00770192 /* Products */;
			projectDirPath = "";
			projectRoot = "";
			targets = (
				E2948CFE2FB88B0F00770192 /* HiddenBar */,
				E2948D122FB88B1000770192 /* HiddenBarTests */,
				E2948D1C2FB88B1000770192 /* HiddenBarUITests */,
			);
		};
/* End PBXProject section */

/* Begin PBXResourcesBuildPhase section */
		E2948CFD2FB88B0F00770192 /* Resources */ = {
			isa = PBXResourcesBuildPhase;
			buildActionMask = 2147483647;
			files = (
			);
			runOnlyForDeploymentPostprocessing = 0;
		};
		E2948D112FB88B1000770192 /* Resources */ = {
			isa = PBXResourcesBuildPhase;
			buildActionMask = 2147483647;
			files = (
			);
			runOnlyForDeploymentPostprocessing = 0;
		};
		E2948D1B2FB88B1000770192 /* Resources */ = {
			isa = PBXResourcesBuildPhase;
			buildActionMask = 2147483647;
			files = (
			);
			runOnlyForDeploymentPostprocessing = 0;
		};
/* End PBXResourcesBuildPhase section */

/* Begin PBXSourcesBuildPhase section */
		E2948CFB2FB88B0F00770192 /* Sources */ = {
			isa = PBXSourcesBuildPhase;
			buildActionMask = 2147483647;
			files = (
			);
			runOnlyForDeploymentPostprocessing = 0;
		};
		E2948D0F2FB88B1000770192 /* Sources */ = {
			isa = PBXSourcesBuildPhase;
			buildActionMask = 2147483647;
			files = (
			);
			runOnlyForDeploymentPostprocessing = 0;
		};
		E2948D192FB88B1000770192 /* Sources */ = {
			isa = PBXSourcesBuildPhase;
			buildActionMask = 2147483647;
			files = (
			);
			runOnlyForDeploymentPostprocessing = 0;
		};
/* End PBXSourcesBuildPhase section */

/* Begin PBXTargetDependency section */
		E2948D152FB88B1000770192 /* PBXTargetDependency */ = {
			isa = PBXTargetDependency;
			target = E2948CFE2FB88B0F00770192 /* HiddenBar */;
			targetProxy = E2948D142FB88B1000770192 /* PBXContainerItemProxy */;
		};
		E2948D1F2FB88B1000770192 /* PBXTargetDependency */ = {
			isa = PBXTargetDependency;
			target = E2948CFE2FB88B0F00770192 /* HiddenBar */;
			targetProxy = E2948D1E2FB88B1000770192 /* PBXContainerItemProxy */;
		};
/* End PBXTargetDependency section */

/* Begin XCBuildConfiguration section */
		E2948D252FB88B1000770192 /* Debug */ = {
			isa = XCBuildConfiguration;
			buildSettings = {
				ALWAYS_SEARCH_USER_PATHS = NO;
				ASSETCATALOG_COMPILER_GENERATE_SWIFT_ASSET_SYMBOL_EXTENSIONS = YES;
				CLANG_ANALYZER_NONNULL = YES;
				CLANG_ANALYZER_NUMBER_OBJECT_CONVERSION = YES_AGGRESSIVE;
				CLANG_CXX_LANGUAGE_STANDARD = "gnu++20";
				CLANG_ENABLE_MODULES = YES;
				CLANG_ENABLE_OBJC_ARC = YES;
				CLANG_ENABLE_OBJC_WEAK = YES;
				CLANG_WARN_BLOCK_CAPTURE_AUTORELEASING = YES;
				CLANG_WARN_BOOL_CONVERSION = YES;
				CLANG_WARN_COMMA = YES;
				CLANG_WARN_CONSTANT_CONVERSION = YES;
				CLANG_WARN_DEPRECATED_OBJC_IMPLEMENTATIONS = YES;
				CLANG_WARN_DIRECT_OBJC_ISA_USAGE = YES_ERROR;
				CLANG_WARN_DOCUMENTATION_COMMENTS = YES;
				CLANG_WARN_EMPTY_BODY = YES;
				CLANG_WARN_ENUM_CONVERSION = YES;
				CLANG_WARN_INFINITE_RECURSION = YES;
				CLANG_WARN_INT_CONVERSION = YES;
				CLANG_WARN_NON_LITERAL_NULL_CONVERSION = YES;
				CLANG_WARN_OBJC_IMPLICIT_RETAIN_SELF = YES;
				CLANG_WARN_OBJC_LITERAL_CONVERSION = YES;
				CLANG_WARN_OBJC_ROOT_CLASS = YES_ERROR;
				CLANG_WARN_QUOTED_INCLUDE_IN_FRAMEWORK_HEADER = YES;
				CLANG_WARN_RANGE_LOOP_ANALYSIS = YES;
				CLANG_WARN_STRICT_PROTOTYPES = YES;
				CLANG_WARN_SUSPICIOUS_MOVE = YES;
				CLANG_WARN_UNGUARDED_AVAILABILITY = YES_AGGRESSIVE;
				CLANG_WARN_UNREACHABLE_CODE = YES;
				CLANG_WARN__DUPLICATE_METHOD_MATCH = YES;
				COPY_PHASE_STRIP = NO;
				DEBUG_INFORMATION_FORMAT = dwarf;
				DEVELOPMENT_TEAM = 7E26DUM925;
				ENABLE_STRICT_OBJC_MSGSEND = YES;
				ENABLE_TESTABILITY = YES;
				ENABLE_USER_SCRIPT_SANDBOXING = YES;
				GCC_C_LANGUAGE_STANDARD = gnu17;
				GCC_DYNAMIC_NO_PIC = NO;
				GCC_NO_COMMON_BLOCKS = YES;
				GCC_OPTIMIZATION_LEVEL = 0;
				GCC_PREPROCESSOR_DEFINITIONS = (
					"DEBUG=1",
					"$(inherited)",
				);
				GCC_WARN_64_TO_32_BIT_CONVERSION = YES;
				GCC_WARN_ABOUT_RETURN_TYPE = YES_ERROR;
				GCC_WARN_UNDECLARED_SELECTOR = YES;
				GCC_WARN_UNINITIALIZED_AUTOS = YES_AGGRESSIVE;
				GCC_WARN_UNUSED_FUNCTION = YES;
				GCC_WARN_UNUSED_VARIABLE = YES;
				LOCALIZATION_PREFERS_STRING_CATALOGS = YES;
				MACOSX_DEPLOYMENT_TARGET = 26.2;
				MTL_ENABLE_DEBUG_INFO = INCLUDE_SOURCE;
				MTL_FAST_MATH = YES;
				ONLY_ACTIVE_ARCH = YES;
				SDKROOT = macosx;
			};
			name = Debug;
		};
		E2948D262FB88B1000770192 /* Release */ = {
			isa = XCBuildConfiguration;
			buildSettings = {
				ALWAYS_SEARCH_USER_PATHS = NO;
				ASSETCATALOG_COMPILER_GENERATE_SWIFT_ASSET_SYMBOL_EXTENSIONS = YES;
				CLANG_ANALYZER_NONNULL = YES;
				CLANG_ANALYZER_NUMBER_OBJECT_CONVERSION = YES_AGGRESSIVE;
				CLANG_CXX_LANGUAGE_STANDARD = "gnu++20";
				CLANG_ENABLE_MODULES = YES;
				CLANG_ENABLE_OBJC_ARC = YES;
				CLANG_ENABLE_OBJC_WEAK = YES;
				CLANG_WARN_BLOCK_CAPTURE_AUTORELEASING = YES;
				CLANG_WARN_BOOL_CONVERSION = YES;
				CLANG_WARN_COMMA = YES;
				CLANG_WARN_CONSTANT_CONVERSION = YES;
				CLANG_WARN_DEPRECATED_OBJC_IMPLEMENTATIONS = YES;
				CLANG_WARN_DIRECT_OBJC_ISA_USAGE = YES_ERROR;
				CLANG_WARN_DOCUMENTATION_COMMENTS = YES;
				CLANG_WARN_EMPTY_BODY = YES;
				CLANG_WARN_ENUM_CONVERSION = YES;
				CLANG_WARN_INFINITE_RECURSION = YES;
				CLANG_WARN_INT_CONVERSION = YES;
				CLANG_WARN_NON_LITERAL_NULL_CONVERSION = YES;
				CLANG_WARN_OBJC_IMPLICIT_RETAIN_SELF = YES;
				CLANG_WARN_OBJC_LITERAL_CONVERSION = YES;
				CLANG_WARN_OBJC_ROOT_CLASS = YES_ERROR;
				CLANG_WARN_QUOTED_INCLUDE_IN_FRAMEWORK_HEADER = YES;
				CLANG_WARN_RANGE_LOOP_ANALYSIS = YES;
				CLANG_WARN_STRICT_PROTOTYPES = YES;
				CLANG_WARN_SUSPICIOUS_MOVE = YES;
				CLANG_WARN_UNGUARDED_AVAILABILITY = YES_AGGRESSIVE;
				CLANG_WARN_UNREACHABLE_CODE = YES;
				CLANG_WARN__DUPLICATE_METHOD_MATCH = YES;
				COPY_PHASE_STRIP = NO;
				DEBUG_INFORMATION_FORMAT = "dwarf-with-dsym";
				DEVELOPMENT_TEAM = 7E26DUM925;
				ENABLE_NS_ASSERTIONS = NO;
				ENABLE_STRICT_OBJC_MSGSEND = YES;
				ENABLE_USER_SCRIPT_SANDBOXING = YES;
				GCC_C_LANGUAGE_STANDARD = gnu17;
				GCC_NO_COMMON_BLOCKS = YES;
				GCC_WARN_64_TO_32_BIT_CONVERSION = YES;
				GCC_WARN_ABOUT_RETURN_TYPE = YES_ERROR;
				GCC_WARN_UNDECLARED_SELECTOR = YES;
				GCC_WARN_UNINITIALIZED_AUTOS = YES_AGGRESSIVE;
				GCC_WARN_UNUSED_FUNCTION = YES;
				GCC_WARN_UNUSED_VARIABLE = YES;
				LOCALIZATION_PREFERS_STRING_CATALOGS = YES;
				MACOSX_DEPLOYMENT_TARGET = 26.2;
				MTL_ENABLE_DEBUG_INFO = NO;
				MTL_FAST_MATH = YES;
				SDKROOT = macosx;
			};
			name = Release;
		};
		E2948D282FB88B1000770192 /* Debug */ = {
			isa = XCBuildConfiguration;
			buildSettings = {
				ASSETCATALOG_COMPILER_APPICON_NAME = AppIcon;
				ASSETCATALOG_COMPILER_GLOBAL_ACCENT_COLOR_NAME = AccentColor;
				CODE_SIGN_STYLE = Automatic;
				COMBINE_HIDPI_IMAGES = YES;
				CURRENT_PROJECT_VERSION = 1;
				DEVELOPMENT_TEAM = 7E26DUM925;
				ENABLE_APP_SANDBOX = NO;
				ENABLE_HARDENED_RUNTIME = YES;
				GENERATE_INFOPLIST_FILE = YES;
				INFOPLIST_KEY_LSUIElement = YES;
				INFOPLIST_KEY_NSHumanReadableCopyright = "";
				INFOPLIST_KEY_NSPrincipalClass = NSApplication;
				INFOPLIST_KEY_NSScreenCaptureUsageDescription = "HiddenBar needs Screen Recording access to capture and re-display your menu bar icons inside its popover.";
				LD_RUNPATH_SEARCH_PATHS = (
					"$(inherited)",
					"@executable_path/../Frameworks",
				);
				MARKETING_VERSION = 1.0;
				PRODUCT_BUNDLE_IDENTIFIER = com.HiddenBar.demo.HiddenBar;
				PRODUCT_NAME = "$(TARGET_NAME)";
				STRING_CATALOG_GENERATE_SYMBOLS = YES;
				SWIFT_EMIT_LOC_STRINGS = YES;
				SWIFT_VERSION = 5.0;
			};
			name = Debug;
		};
		E2948D292FB88B1000770192 /* Release */ = {
			isa = XCBuildConfiguration;
			buildSettings = {
				ASSETCATALOG_COMPILER_APPICON_NAME = AppIcon;
				ASSETCATALOG_COMPILER_GLOBAL_ACCENT_COLOR_NAME = AccentColor;
				CODE_SIGN_STYLE = Automatic;
				COMBINE_HIDPI_IMAGES = YES;
				CURRENT_PROJECT_VERSION = 1;
				DEVELOPMENT_TEAM = 7E26DUM925;
				ENABLE_APP_SANDBOX = NO;
				ENABLE_HARDENED_RUNTIME = YES;
				GENERATE_INFOPLIST_FILE = YES;
				INFOPLIST_KEY_LSUIElement = YES;
				INFOPLIST_KEY_NSHumanReadableCopyright = "";
				INFOPLIST_KEY_NSPrincipalClass = NSApplication;
				INFOPLIST_KEY_NSScreenCaptureUsageDescription = "HiddenBar needs Screen Recording access to capture and re-display your menu bar icons inside its popover.";
				LD_RUNPATH_SEARCH_PATHS = (
					"$(inherited)",
					"@executable_path/../Frameworks",
				);
				MARKETING_VERSION = 1.0;
				PRODUCT_BUNDLE_IDENTIFIER = com.HiddenBar.demo.HiddenBar;
				PRODUCT_NAME = "$(TARGET_NAME)";
				STRING_CATALOG_GENERATE_SYMBOLS = YES;
				SWIFT_EMIT_LOC_STRINGS = YES;
				SWIFT_VERSION = 5.0;
			};
			name = Release;
		};
		E2948D2B2FB88B1000770192 /* Debug */ = {
			isa = XCBuildConfiguration;
			buildSettings = {
				BUNDLE_LOADER = "$(TEST_HOST)";
				CODE_SIGN_STYLE = Automatic;
				CURRENT_PROJECT_VERSION = 1;
				DEVELOPMENT_TEAM = 7E26DUM925;
				GENERATE_INFOPLIST_FILE = YES;
				MACOSX_DEPLOYMENT_TARGET = 26.2;
				MARKETING_VERSION = 1.0;
				PRODUCT_BUNDLE_IDENTIFIER = com.HiddenBar.demo.HiddenBarTests;
				PRODUCT_NAME = "$(TARGET_NAME)";
				STRING_CATALOG_GENERATE_SYMBOLS = NO;
				SWIFT_EMIT_LOC_STRINGS = NO;
				TEST_HOST = "$(BUILT_PRODUCTS_DIR)/HiddenBar.app/$(BUNDLE_EXECUTABLE_FOLDER_PATH)/HiddenBar";
			};
			name = Debug;
		};
		E2948D2C2FB88B1000770192 /* Release */ = {
			isa = XCBuildConfiguration;
			buildSettings = {
				BUNDLE_LOADER = "$(TEST_HOST)";
				CODE_SIGN_STYLE = Automatic;
				CURRENT_PROJECT_VERSION = 1;
				DEVELOPMENT_TEAM = 7E26DUM925;
				GENERATE_INFOPLIST_FILE = YES;
				MACOSX_DEPLOYMENT_TARGET = 26.2;
				MARKETING_VERSION = 1.0;
				PRODUCT_BUNDLE_IDENTIFIER = com.HiddenBar.demo.HiddenBarTests;
				PRODUCT_NAME = "$(TARGET_NAME)";
				STRING_CATALOG_GENERATE_SYMBOLS = NO;
				SWIFT_EMIT_LOC_STRINGS = NO;
				TEST_HOST = "$(BUILT_PRODUCTS_DIR)/HiddenBar.app/$(BUNDLE_EXECUTABLE_FOLDER_PATH)/HiddenBar";
			};
			name = Release;
		};
		E2948D2E2FB88B1000770192 /* Debug */ = {
			isa = XCBuildConfiguration;
			buildSettings = {
				CODE_SIGN_STYLE = Automatic;
				CURRENT_PROJECT_VERSION = 1;
				DEVELOPMENT_TEAM = 7E26DUM925;
				GENERATE_INFOPLIST_FILE = YES;
				MARKETING_VERSION = 1.0;
				PRODUCT_BUNDLE_IDENTIFIER = com.HiddenBar.demo.HiddenBarUITests;
				PRODUCT_NAME = "$(TARGET_NAME)";
				STRING_CATALOG_GENERATE_SYMBOLS = NO;
				SWIFT_EMIT_LOC_STRINGS = NO;
				TEST_TARGET_NAME = HiddenBar;
			};
			name = Debug;
		};
		E2948D2F2FB88B1000770192 /* Release */ = {
			isa = XCBuildConfiguration;
			buildSettings = {
				CODE_SIGN_STYLE = Automatic;
				CURRENT_PROJECT_VERSION = 1;
				DEVELOPMENT_TEAM = 7E26DUM925;
				GENERATE_INFOPLIST_FILE = YES;
				MARKETING_VERSION = 1.0;
				PRODUCT_BUNDLE_IDENTIFIER = com.HiddenBar.demo.HiddenBarUITests;
				PRODUCT_NAME = "$(TARGET_NAME)";
				STRING_CATALOG_GENERATE_SYMBOLS = NO;
				SWIFT_EMIT_LOC_STRINGS = NO;
				TEST_TARGET_NAME = HiddenBar;
			};
			name = Release;
		};
/* End XCBuildConfiguration section */

/* Begin XCConfigurationList section */
		E2948CFA2FB88B0F00770192 /* Build configuration list for PBXProject "HiddenBar" */ = {
			isa = XCConfigurationList;
			buildConfigurations = (
				E2948D252FB88B1000770192 /* Debug */,
				E2948D262FB88B1000770192 /* Release */,
			);
			defaultConfigurationIsVisible = 0;
			defaultConfigurationName = Release;
		};
		E2948D272FB88B1000770192 /* Build configuration list for PBXNativeTarget "HiddenBar" */ = {
			isa = XCConfigurationList;
			buildConfigurations = (
				E2948D282FB88B1000770192 /* Debug */,
				E2948D292FB88B1000770192 /* Release */,
			);
			defaultConfigurationIsVisible = 0;
			defaultConfigurationName = Release;
		};
		E2948D2A2FB88B1000770192 /* Build configuration list for PBXNativeTarget "HiddenBarTests" */ = {
			isa = XCConfigurationList;
			buildConfigurations = (
				E2948D2B2FB88B1000770192 /* Debug */,
				E2948D2C2FB88B1000770192 /* Release */,
			);
			defaultConfigurationIsVisible = 0;
			defaultConfigurationName = Release;
		};
		E2948D2D2FB88B1000770192 /* Build configuration list for PBXNativeTarget "HiddenBarUITests" */ = {
			isa = XCConfigurationList;
			buildConfigurations = (
				E2948D2E2FB88B1000770192 /* Debug */,
				E2948D2F2FB88B1000770192 /* Release */,
			);
			defaultConfigurationIsVisible = 0;
			defaultConfigurationName = Release;
		};
/* End XCConfigurationList section */
	};
	rootObject = E2948CF72FB88B0F00770192 /* Project object */;
}
